
Microsoft Visual Studio Solution File, Format Version 12.00
# Visual Studio Version 17
VisualStudioVersion = 17.0.31903.59
MinimumVisualStudioVersion = 10.0.40219.1
Project("{9A19103F-16F7-4668-BE54-9A1E7A4F7556}") = "NetPinProc", "NetPinProc\NetPinProc.csproj", "{B08027C9-FE6F-4941-AEA4-E946F47B4E2D}"
EndProject
Project("{2150E333-8FDC-42A3-9474-1A3956D46DE8}") = ".Examples", ".Examples", "{7DDA4DFE-1BC6-401B-903A-4F895A568C26}"
EndProject
Project("{2150E333-8FDC-42A3-9474-1A3956D46DE8}") = ".Change Version Items", ".Change Version Items", "{8528A5E2-562C-45FA-8DFD-0BC0E30A86D3}"
	ProjectSection(SolutionItems) = preProject
		Directory.Build.props = Directory.Build.props
	EndProjectSection
EndProject
Project("{9A19103F-16F7-4668-BE54-9A1E7A4F7556}") = "NetPinProc.Dmd", "NetPinProc.Dmd\NetPinProc.Dmd.csproj", "{122D5CC7-B25D-4027-98B1-CC89F386D584}"
EndProject
Project("{9A19103F-16F7-4668-BE54-9A1E7A4F7556}") = "NetPinProc.Domain", "NetPinProc.Domain\NetPinProc.Domain.csproj", "{DAD6C3AB-B693-4566-BA49-C6B95390A51F}"
EndProject
Project("{2150E333-8FDC-42A3-9474-1A3956D46DE8}") = ".Tests", ".Tests", "{9248928B-76C5-42EA-B516-3445C624F64F}"
EndProject
Project("{9A19103F-16F7-4668-BE54-9A1E7A4F7556}") = "NetPinProc.Ports.WSLED", "NetPinProc.Ports.WSLED\NetPinProc.Ports.WSLED.csproj", "{C901CFF8-6C1A-4A94-A55F-F93D43B0B724}"
EndProject
Project("{9A19103F-16F7-4668-BE54-9A1E7A4F7556}") = "NetPinProc.Tests", ".tests\NetPinProc.Tests\NetPinProc.Tests.csproj", "{D09C2D8E-AAFD-4E60-B0BB-B1F940B18085}"
EndProject
Project("{9A19103F-16F7-4668-BE54-9A1E7A4F7556}") = "NetPinProc.Game", "NetPinProc.Game\NetPinProc.Game.csproj", "{DBD94904-0DEB-4CFA-8BA4-16543083AA63}"
EndProject
Project("{9A19103F-16F7-4668-BE54-9A1E7A4F7556}") = "NetPinProc.Game.Sqlite", "NetPinProc.Game.Sqlite\NetPinProc.Game.Sqlite.csproj", "{5F2D0424-670B-4315-B428-7613E2026046}"
EndProject
Project("{9A19103F-16F7-4668-BE54-9A1E7A4F7556}") = "NetPinProc.Game.Tests", ".tests\NetPinProc.Game.Tests\NetPinProc.Game.Tests.csproj", "{2196868A-BBF8-4F67-9D85-5D4FF4BFEBDF}"
EndProject
Project("{9A19103F-16F7-4668-BE54-9A1E7A4F7556}") = "NetPinProc.Game.Sqlite.Tests", ".tests\NetPinProc.Game.Sqlite.Tests\NetPinProc.Game.Sqlite.Tests.csproj", "{E052BAAD-37EA-460B-9621-E1B109889640}"
EndProject
Project("{2150E333-8FDC-42A3-9474-1A3956D46DE8}") = "P-ROC", "P-ROC", "{5730A29D-574B-4D8A-B69A-56F7101D192B}"
EndProject
Project("{2150E333-8FDC-42A3-9474-1A3956D46DE8}") = "P3-ROC", "P3-ROC", "{1212EF42-9EBC-47A7-B718-1790FBF83800}"
EndProject
Project("{2150E333-8FDC-42A3-9474-1A3956D46DE8}") = "1.Basic", "1.Basic", "{337249E7-0B63-4466-851C-8198E3D5A11C}"
EndProject
Project("{2150E333-8FDC-42A3-9474-1A3956D46DE8}") = "2.Game", "2.Game", "{9D30E694-91B8-49C5-86E8-34A91DB78805}"
EndProject
Project("{9A19103F-16F7-4668-BE54-9A1E7A4F7556}") = "NetProcGameTest", ".examples\P-ROC\NetProcGameTest\NetProcGameTest.csproj", "{ABE7A62D-FB51-4876-BE2E-7698F4955B90}"
EndProject
Project("{9A19103F-16F7-4668-BE54-9A1E7A4F7556}") = "NetProc.Data.GameWithDatabase", ".examples\P3-ROC\NetProc.Data.GameWithDatabase\NetProc.Data.GameWithDatabase.csproj", "{E110D73F-F569-449E-87E7-AC9F19045A6D}"
EndProject
Project("{9A19103F-16F7-4668-BE54-9A1E7A4F7556}") = "NetProcGame.RgbLeds", ".examples\P3-ROC\NetProcGame.RgbLeds\NetProcGame.RgbLeds.csproj", "{1DFE61E5-B4DC-4DE0-BBAA-AEEFB18D813C}"
EndProject
Project("{9A19103F-16F7-4668-BE54-9A1E7A4F7556}") = "NetPinProc.FakeProcDevice", ".examples\P3-ROC\NetPinProc.FakeProcDevice\NetPinProc.FakeProcDevice.csproj", "{6B8C57E6-F4AE-4C19-AEAD-D5ECCB71594C}"
EndProject
Project("{9A19103F-16F7-4668-BE54-9A1E7A4F7556}") = "NetProc.ProcDevice", ".examples\P3-ROC\NetProc.ProcDevice\NetProc.ProcDevice.csproj", "{EB032F8D-B30F-47A0-AF7D-CE17D37AD38F}"
EndProject
Project("{2150E333-8FDC-42A3-9474-1A3956D46DE8}") = "Tools", "Tools", "{3CAF27F2-BA8D-4C9C-B996-8E873E347327}"
EndProject
Project("{2150E333-8FDC-42A3-9474-1A3956D46DE8}") = "NetPinProc.Server", "NetPinProc.Server", "{A751CB1D-29C6-416F-99D3-4CE5B74419EA}"
	ProjectSection(SolutionItems) = preProject
		Tools\NetPinProc.Game.Server\README.md = Tools\NetPinProc.Game.Server\README.md
	EndProjectSection
EndProject
Project("{9A19103F-16F7-4668-BE54-9A1E7A4F7556}") = "NetPinProc.Game.Manager.Shared", "Tools\NetPinProc.Game.Server\Shared\NetPinProc.Game.Manager.Shared.csproj", "{F1925029-939F-481A-9925-51B7CC7331F2}"
EndProject
Project("{9A19103F-16F7-4668-BE54-9A1E7A4F7556}") = "NetPinProc.Game.Manager.Client", "Tools\NetPinProc.Game.Server\Client\NetPinProc.Game.Manager.Client.csproj", "{942766A0-9C84-4C31-9878-74F3FD4C2F3F}"
EndProject
Project("{9A19103F-16F7-4668-BE54-9A1E7A4F7556}") = "NetPinProc.Game.Manager.Server", "Tools\NetPinProc.Game.Server\Server\NetPinProc.Game.Manager.Server.csproj", "{693FD93F-CFFB-44EC-8D66-5E168EEB1B14}"
EndProject
Project("{2150E333-8FDC-42A3-9474-1A3956D46DE8}") = "Solution Items", "Solution Items", "{2E9E5974-55EC-4DA7-87E5-AEE800E44300}"
	ProjectSection(SolutionItems) = preProject
		README.md = README.md
	EndProjectSection
EndProject
Global
	GlobalSection(SolutionConfigurationPlatforms) = preSolution
		Debug|Any CPU = Debug|Any CPU
		Debug|x64 = Debug|x64
		Debug|x86 = Debug|x86
		Release|Any CPU = Release|Any CPU
		Release|x64 = Release|x64
		Release|x86 = Release|x86
	EndGlobalSection
	GlobalSection(ProjectConfigurationPlatforms) = postSolution
		{B08027C9-FE6F-4941-AEA4-E946F47B4E2D}.Debug|Any CPU.ActiveCfg = Debug|Any CPU
		{B08027C9-FE6F-4941-AEA4-E946F47B4E2D}.Debug|Any CPU.Build.0 = Debug|Any CPU
		{B08027C9-FE6F-4941-AEA4-E946F47B4E2D}.Debug|x64.ActiveCfg = Debug|Any CPU
		{B08027C9-FE6F-4941-AEA4-E946F47B4E2D}.Debug|x64.Build.0 = Debug|Any CPU
		{B08027C9-FE6F-4941-AEA4-E946F47B4E2D}.Debug|x86.ActiveCfg = Debug|Any CPU
		{B08027C9-FE6F-4941-AEA4-E946F47B4E2D}.Debug|x86.Build.0 = Debug|Any CPU
		{B08027C9-FE6F-4941-AEA4-E946F47B4E2D}.Release|Any CPU.ActiveCfg = Release|Any CPU
		{B08027C9-FE6F-4941-AEA4-E946F47B4E2D}.Release|Any CPU.Build.0 = Release|Any CPU
		{B08027C9-FE6F-4941-AEA4-E946F47B4E2D}.Release|x64.ActiveCfg = Release|Any CPU
		{B08027C9-FE6F-4941-AEA4-E946F47B4E2D}.Release|x64.Build.0 = Release|Any CPU
		{B08027C9-FE6F-4941-AEA4-E946F47B4E2D}.Release|x86.ActiveCfg = Release|Any CPU
		{B08027C9-FE6F-4941-AEA4-E946F47B4E2D}.Release|x86.Build.0 = Release|Any CPU
		{122D5CC7-B25D-4027-98B1-CC89F386D584}.Debug|Any CPU.ActiveCfg = Debug|Any CPU
		{122D5CC7-B25D-4027-98B1-CC89F386D584}.Debug|Any CPU.Build.0 = Debug|Any CPU
		{122D5CC7-B25D-4027-98B1-CC89F386D584}.Debug|x64.ActiveCfg = Debug|Any CPU
		{122D5CC7-B25D-4027-98B1-CC89F386D584}.Debug|x64.Build.0 = Debug|Any CPU
		{122D5CC7-B25D-4027-98B1-CC89F386D584}.Debug|x86.ActiveCfg = Debug|Any CPU
		{122D5CC7-B25D-4027-98B1-CC89F386D584}.Debug|x86.Build.0 = Debug|Any CPU
		{122D5CC7-B25D-4027-98B1-CC89F386D584}.Release|Any CPU.ActiveCfg = Release|Any CPU
		{122D5CC7-B25D-4027-98B1-CC89F386D584}.Release|Any CPU.Build.0 = Release|Any CPU
		{122D5CC7-B25D-4027-98B1-CC89F386D584}.Release|x64.ActiveCfg = Release|Any CPU
		{122D5CC7-B25D-4027-98B1-CC89F386D584}.Release|x64.Build.0 = Release|Any CPU
		{122D5CC7-B25D-4027-98B1-CC89F386D584}.Release|x86.ActiveCfg = Release|Any CPU
		{122D5CC7-B25D-4027-98B1-CC89F386D584}.Release|x86.Build.0 = Release|Any CPU
		{DAD6C3AB-B693-4566-BA49-C6B95390A51F}.Debug|Any CPU.ActiveCfg = Debug|Any CPU
		{DAD6C3AB-B693-4566-BA49-C6B95390A51F}.Debug|Any CPU.Build.0 = Debug|Any CPU
		{DAD6C3AB-B693-4566-BA49-C6B95390A51F}.Debug|x64.ActiveCfg = Debug|Any CPU
		{DAD6C3AB-B693-4566-BA49-C6B95390A51F}.Debug|x64.Build.0 = Debug|Any CPU
		{DAD6C3AB-B693-4566-BA49-C6B95390A51F}.Debug|x86.ActiveCfg = Debug|Any CPU
		{DAD6C3AB-B693-4566-BA49-C6B95390A51F}.Debug|x86.Build.0 = Debug|Any CPU
		{DAD6C3AB-B693-4566-BA49-C6B95390A51F}.Release|Any CPU.ActiveCfg = Release|Any CPU
		{DAD6C3AB-B693-4566-BA49-C6B95390A51F}.Release|Any CPU.Build.0 = Release|Any CPU
		{DAD6C3AB-B693-4566-BA49-C6B95390A51F}.Release|x64.ActiveCfg = Release|Any CPU
		{DAD6C3AB-B693-4566-BA49-C6B95390A51F}.Release|x64.Build.0 = Release|Any CPU
		{DAD6C3AB-B693-4566-BA49-C6B95390A51F}.Release|x86.ActiveCfg = Release|Any CPU
		{DAD6C3AB-B693-4566-BA49-C6B95390A51F}.Release|x86.Build.0 = Release|Any CPU
		{C901CFF8-6C1A-4A94-A55F-F93D43B0B724}.Debug|Any CPU.ActiveCfg = Debug|x86
		{C901CFF8-6C1A-4A94-A55F-F93D43B0B724}.Debug|Any CPU.Build.0 = Debug|x86
		{C901CFF8-6C1A-4A94-A55F-F93D43B0B724}.Debug|x64.ActiveCfg = Debug|x86
		{C901CFF8-6C1A-4A94-A55F-F93D43B0B724}.Debug|x64.Build.0 = Debug|x86
		{C901CFF8-6C1A-4A94-A55F-F93D43B0B724}.Debug|x86.ActiveCfg = Debug|x86
		{C901CFF8-6C1A-4A94-A55F-F93D43B0B724}.Debug|x86.Build.0 = Debug|x86
		{C901CFF8-6C1A-4A94-A55F-F93D43B0B724}.Release|Any CPU.ActiveCfg = Release|x86
		{C901CFF8-6C1A-4A94-A55F-F93D43B0B724}.Release|Any CPU.Build.0 = Release|x86
		{C901CFF8-6C1A-4A94-A55F-F93D43B0B724}.Release|x64.ActiveCfg = Release|x86
		{C901CFF8-6C1A-4A94-A55F-F93D43B0B724}.Release|x64.Build.0 = Release|x86
		{C901CFF8-6C1A-4A94-A55F-F93D43B0B724}.Release|x86.ActiveCfg = Release|x86
		{C901CFF8-6C1A-4A94-A55F-F93D43B0B724}.Release|x86.Build.0 = Release|x86
		{D09C2D8E-AAFD-4E60-B0BB-B1F940B18085}.Debug|Any CPU.ActiveCfg = Debug|Any CPU
		{D09C2D8E-AAFD-4E60-B0BB-B1F940B18085}.Debug|Any CPU.Build.0 = Debug|Any CPU
		{D09C2D8E-AAFD-4E60-B0BB-B1F940B18085}.Debug|x64.ActiveCfg = Debug|Any CPU
		{D09C2D8E-AAFD-4E60-B0BB-B1F940B18085}.Debug|x64.Build.0 = Debug|Any CPU
		{D09C2D8E-AAFD-4E60-B0BB-B1F940B18085}.Debug|x86.ActiveCfg = Debug|x86
		{D09C2D8E-AAFD-4E60-B0BB-B1F940B18085}.Debug|x86.Build.0 = Debug|x86
		{D09C2D8E-AAFD-4E60-B0BB-B1F940B18085}.Release|Any CPU.ActiveCfg = Release|Any CPU
		{D09C2D8E-AAFD-4E60-B0BB-B1F940B18085}.Release|Any CPU.Build.0 = Release|Any CPU
		{D09C2D8E-AAFD-4E60-B0BB-B1F940B18085}.Release|x64.ActiveCfg = Release|Any CPU
		{D09C2D8E-AAFD-4E60-B0BB-B1F940B18085}.Release|x64.Build.0 = Release|Any CPU
		{D09C2D8E-AAFD-4E60-B0BB-B1F940B18085}.Release|x86.ActiveCfg = Release|x86
		{D09C2D8E-AAFD-4E60-B0BB-B1F940B18085}.Release|x86.Build.0 = Release|x86
		{DBD94904-0DEB-4CFA-8BA4-16543083AA63}.Debug|Any CPU.ActiveCfg = Debug|Any CPU
		{DBD94904-0DEB-4CFA-8BA4-16543083AA63}.Debug|Any CPU.Build.0 = Debug|Any CPU
		{DBD94904-0DEB-4CFA-8BA4-16543083AA63}.Debug|x64.ActiveCfg = Debug|Any CPU
		{DBD94904-0DEB-4CFA-8BA4-16543083AA63}.Debug|x64.Build.0 = Debug|Any CPU
		{DBD94904-0DEB-4CFA-8BA4-16543083AA63}.Debug|x86.ActiveCfg = Debug|Any CPU
		{DBD94904-0DEB-4CFA-8BA4-16543083AA63}.Debug|x86.Build.0 = Debug|Any CPU
		{DBD94904-0DEB-4CFA-8BA4-16543083AA63}.Release|Any CPU.ActiveCfg = Release|Any CPU
		{DBD94904-0DEB-4CFA-8BA4-16543083AA63}.Release|Any CPU.Build.0 = Release|Any CPU
		{DBD94904-0DEB-4CFA-8BA4-16543083AA63}.Release|x64.ActiveCfg = Release|Any CPU
		{DBD94904-0DEB-4CFA-8BA4-16543083AA63}.Release|x64.Build.0 = Release|Any CPU
		{DBD94904-0DEB-4CFA-8BA4-16543083AA63}.Release|x86.ActiveCfg = Release|Any CPU
		{DBD94904-0DEB-4CFA-8BA4-16543083AA63}.Release|x86.Build.0 = Release|Any CPU
		{5F2D0424-670B-4315-B428-7613E2026046}.Debug|Any CPU.ActiveCfg = Debug|Any CPU
		{5F2D0424-670B-4315-B428-7613E2026046}.Debug|Any CPU.Build.0 = Debug|Any CPU
		{5F2D0424-670B-4315-B428-7613E2026046}.Debug|x64.ActiveCfg = Debug|Any CPU
		{5F2D0424-670B-4315-B428-7613E2026046}.Debug|x64.Build.0 = Debug|Any CPU
		{5F2D0424-670B-4315-B428-7613E2026046}.Debug|x86.ActiveCfg = Debug|Any CPU
		{5F2D0424-670B-4315-B428-7613E2026046}.Debug|x86.Build.0 = Debug|Any CPU
		{5F2D0424-670B-4315-B428-7613E2026046}.Release|Any CPU.ActiveCfg = Release|Any CPU
		{5F2D0424-670B-4315-B428-7613E2026046}.Release|Any CPU.Build.0 = Release|Any CPU
		{5F2D0424-670B-4315-B428-7613E2026046}.Release|x64.ActiveCfg = Release|Any CPU
		{5F2D0424-670B-4315-B428-7613E2026046}.Release|x64.Build.0 = Release|Any CPU
		{5F2D0424-670B-4315-B428-7613E2026046}.Release|x86.ActiveCfg = Release|Any CPU
		{5F2D0424-670B-4315-B428-7613E2026046}.Release|x86.Build.0 = Release|Any CPU
		{2196868A-BBF8-4F67-9D85-5D4FF4BFEBDF}.Debug|Any CPU.ActiveCfg = Debug|Any CPU
		{2196868A-BBF8-4F67-9D85-5D4FF4BFEBDF}.Debug|Any CPU.Build.0 = Debug|Any CPU
		{2196868A-BBF8-4F67-9D85-5D4FF4BFEBDF}.Debug|x64.ActiveCfg = Debug|Any CPU
		{2196868A-BBF8-4F67-9D85-5D4FF4BFEBDF}.Debug|x64.Build.0 = Debug|Any CPU
		{2196868A-BBF8-4F67-9D85-5D4FF4BFEBDF}.Debug|x86.ActiveCfg = Debug|Any CPU
		{2196868A-BBF8-4F67-9D85-5D4FF4BFEBDF}.Debug|x86.Build.0 = Debug|Any CPU
		{2196868A-BBF8-4F67-9D85-5D4FF4BFEBDF}.Release|Any CPU.ActiveCfg = Release|Any CPU
		{2196868A-BBF8-4F67-9D85-5D4FF4BFEBDF}.Release|Any CPU.Build.0 = Release|Any CPU
		{2196868A-BBF8-4F67-9D85-5D4FF4BFEBDF}.Release|x64.ActiveCfg = Release|Any CPU
		{2196868A-BBF8-4F67-9D85-5D4FF4BFEBDF}.Release|x64.Build.0 = Release|Any CPU
		{2196868A-BBF8-4F67-9D85-5D4FF4BFEBDF}.Release|x86.ActiveCfg = Release|Any CPU
		{2196868A-BBF8-4F67-9D85-5D4FF4BFEBDF}.Release|x86.Build.0 = Release|Any CPU
		{E052BAAD-37EA-460B-9621-E1B109889640}.Debug|Any CPU.ActiveCfg = Debug|Any CPU
		{E052BAAD-37EA-460B-9621-E1B109889640}.Debug|Any CPU.Build.0 = Debug|Any CPU
		{E052BAAD-37EA-460B-9621-E1B109889640}.Debug|x64.ActiveCfg = Debug|x64
		{E052BAAD-37EA-460B-9621-E1B109889640}.Debug|x64.Build.0 = Debug|x64
		{E052BAAD-37EA-460B-9621-E1B109889640}.Debug|x86.ActiveCfg = Debug|x86
		{E052BAAD-37EA-460B-9621-E1B109889640}.Debug|x86.Build.0 = Debug|x86
		{E052BAAD-37EA-460B-9621-E1B109889640}.Release|Any CPU.ActiveCfg = Release|Any CPU
		{E052BAAD-37EA-460B-9621-E1B109889640}.Release|Any CPU.Build.0 = Release|Any CPU
		{E052BAAD-37EA-460B-9621-E1B109889640}.Release|x64.ActiveCfg = Release|x64
		{E052BAAD-37EA-460B-9621-E1B109889640}.Release|x64.Build.0 = Release|x64
		{E052BAAD-37EA-460B-9621-E1B109889640}.Release|x86.ActiveCfg = Release|x86
		{E052BAAD-37EA-460B-9621-E1B109889640}.Release|x86.Build.0 = Release|x86
		{ABE7A62D-FB51-4876-BE2E-7698F4955B90}.Debug|Any CPU.ActiveCfg = Debug|x86
		{ABE7A62D-FB51-4876-BE2E-7698F4955B90}.Debug|Any CPU.Build.0 = Debug|x86
		{ABE7A62D-FB51-4876-BE2E-7698F4955B90}.Debug|x64.ActiveCfg = Debug|x86
		{ABE7A62D-FB51-4876-BE2E-7698F4955B90}.Debug|x64.Build.0 = Debug|x86
		{ABE7A62D-FB51-4876-BE2E-7698F4955B90}.Debug|x86.ActiveCfg = Debug|x86
		{ABE7A62D-FB51-4876-BE2E-7698F4955B90}.Debug|x86.Build.0 = Debug|x86
		{ABE7A62D-FB51-4876-BE2E-7698F4955B90}.Release|Any CPU.ActiveCfg = Release|x86
		{ABE7A62D-FB51-4876-BE2E-7698F4955B90}.Release|Any CPU.Build.0 = Release|x86
		{ABE7A62D-FB51-4876-BE2E-7698F4955B90}.Release|x64.ActiveCfg = Release|x86
		{ABE7A62D-FB51-4876-BE2E-7698F4955B90}.Release|x64.Build.0 = Release|x86
		{ABE7A62D-FB51-4876-BE2E-7698F4955B90}.Release|x86.ActiveCfg = Release|x86
		{ABE7A62D-FB51-4876-BE2E-7698F4955B90}.Release|x86.Build.0 = Release|x86
		{E110D73F-F569-449E-87E7-AC9F19045A6D}.Debug|Any CPU.ActiveCfg = Debug|Any CPU
		{E110D73F-F569-449E-87E7-AC9F19045A6D}.Debug|Any CPU.Build.0 = Debug|Any CPU
		{E110D73F-F569-449E-87E7-AC9F19045A6D}.Debug|x64.ActiveCfg = Debug|x64
		{E110D73F-F569-449E-87E7-AC9F19045A6D}.Debug|x64.Build.0 = Debug|x64
		{E110D73F-F569-449E-87E7-AC9F19045A6D}.Debug|x86.ActiveCfg = Debug|x86
		{E110D73F-F569-449E-87E7-AC9F19045A6D}.Debug|x86.Build.0 = Debug|x86
		{E110D73F-F569-449E-87E7-AC9F19045A6D}.Release|Any CPU.ActiveCfg = Release|Any CPU
		{E110D73F-F569-449E-87E7-AC9F19045A6D}.Release|Any CPU.Build.0 = Release|Any CPU
		{E110D73F-F569-449E-87E7-AC9F19045A6D}.Release|x64.ActiveCfg = Release|x64
		{E110D73F-F569-449E-87E7-AC9F19045A6D}.Release|x64.Build.0 = Release|x64
		{E110D73F-F569-449E-87E7-AC9F19045A6D}.Release|x86.ActiveCfg = Release|x86
		{E110D73F-F569-449E-87E7-AC9F19045A6D}.Release|x86.Build.0 = Release|x86
		{1DFE61E5-B4DC-4DE0-BBAA-AEEFB18D813C}.Debug|Any CPU.ActiveCfg = Debug|Any CPU
		{1DFE61E5-B4DC-4DE0-BBAA-AEEFB18D813C}.Debug|Any CPU.Build.0 = Debug|Any CPU
		{1DFE61E5-B4DC-4DE0-BBAA-AEEFB18D813C}.Debug|x64.ActiveCfg = Debug|x64
		{1DFE61E5-B4DC-4DE0-BBAA-AEEFB18D813C}.Debug|x64.Build.0 = Debug|x64
		{1DFE61E5-B4DC-4DE0-BBAA-AEEFB18D813C}.Debug|x86.ActiveCfg = Debug|x86
		{1DFE61E5-B4DC-4DE0-BBAA-AEEFB18D813C}.Debug|x86.Build.0 = Debug|x86
		{1DFE61E5-B4DC-4DE0-BBAA-AEEFB18D813C}.Release|Any CPU.ActiveCfg = Release|Any CPU
		{1DFE61E5-B4DC-4DE0-BBAA-AEEFB18D813C}.Release|Any CPU.Build.0 = Release|Any CPU
		{1DFE61E5-B4DC-4DE0-BBAA-AEEFB18D813C}.Release|x64.ActiveCfg = Release|x64
		{1DFE61E5-B4DC-4DE0-BBAA-AEEFB18D813C}.Release|x64.Build.0 = Release|x64
		{1DFE61E5-B4DC-4DE0-BBAA-AEEFB18D813C}.Release|x86.ActiveCfg = Release|x86
		{1DFE61E5-B4DC-4DE0-BBAA-AEEFB18D813C}.Release|x86.Build.0 = Release|x86
		{6B8C57E6-F4AE-4C19-AEAD-D5ECCB71594C}.Debug|Any CPU.ActiveCfg = Debug|Any CPU
		{6B8C57E6-F4AE-4C19-AEAD-D5ECCB71594C}.Debug|Any CPU.Build.0 = Debug|Any CPU
		{6B8C57E6-F4AE-4C19-AEAD-D5ECCB71594C}.Debug|x64.ActiveCfg = Debug|x64
		{6B8C57E6-F4AE-4C19-AEAD-D5ECCB71594C}.Debug|x64.Build.0 = Debug|x64
		{6B8C57E6-F4AE-4C19-AEAD-D5ECCB71594C}.Debug|x86.ActiveCfg = Debug|x86
		{6B8C57E6-F4AE-4C19-AEAD-D5ECCB71594C}.Debug|x86.Build.0 = Debug|x86
		{6B8C57E6-F4AE-4C19-AEAD-D5ECCB71594C}.Release|Any CPU.ActiveCfg = Release|Any CPU
		{6B8C57E6-F4AE-4C19-AEAD-D5ECCB71594C}.Release|Any CPU.Build.0 = Release|Any CPU
		{6B8C57E6-F4AE-4C19-AEAD-D5ECCB71594C}.Release|x64.ActiveCfg = Release|x64
		{6B8C57E6-F4AE-4C19-AEAD-D5ECCB71594C}.Release|x64.Build.0 = Release|x64
		{6B8C57E6-F4AE-4C19-AEAD-D5ECCB71594C}.Release|x86.ActiveCfg = Release|x86
		{6B8C57E6-F4AE-4C19-AEAD-D5ECCB71594C}.Release|x86.Build.0 = Release|x86
		{EB032F8D-B30F-47A0-AF7D-CE17D37AD38F}.Debug|Any CPU.ActiveCfg = Debug|Any CPU
		{EB032F8D-B30F-47A0-AF7D-CE17D37AD38F}.Debug|Any CPU.Build.0 = Debug|Any CPU
		{EB032F8D-B30F-47A0-AF7D-CE17D37AD38F}.Debug|x64.ActiveCfg = Debug|x64
		{EB032F8D-B30F-47A0-AF7D-CE17D37AD38F}.Debug|x64.Build.0 = Debug|x64
		{EB032F8D-B30F-47A0-AF7D-CE17D37AD38F}.Debug|x86.ActiveCfg = Debug|x86
		{EB032F8D-B30F-47A0-AF7D-CE17D37AD38F}.Debug|x86.Build.0 = Debug|x86
		{EB032F8D-B30F-47A0-AF7D-CE17D37AD38F}.Release|Any CPU.ActiveCfg = Release|Any CPU
		{EB032F8D-B30F-47A0-AF7D-CE17D37AD38F}.Release|Any CPU.Build.0 = Release|Any CPU
		{EB032F8D-B30F-47A0-AF7D-CE17D37AD38F}.Release|x64.ActiveCfg = Release|x64
		{EB032F8D-B30F-47A0-AF7D-CE17D37AD38F}.Release|x64.Build.0 = Release|x64
		{EB032F8D-B30F-47A0-AF7D-CE17D37AD38F}.Release|x86.ActiveCfg = Release|x86
		{EB032F8D-B30F-47A0-AF7D-CE17D37AD38F}.Release|x86.Build.0 = Release|x86
		{F1925029-939F-481A-9925-51B7CC7331F2}.Debug|Any CPU.ActiveCfg = Debug|Any CPU
		{F1925029-939F-481A-9925-51B7CC7331F2}.Debug|Any CPU.Build.0 = Debug|Any CPU
		{F1925029-939F-481A-9925-51B7CC7331F2}.Debug|x64.ActiveCfg = Debug|Any CPU
		{F1925029-939F-481A-9925-51B7CC7331F2}.Debug|x64.Build.0 = Debug|Any CPU
		{F1925029-939F-481A-9925-51B7CC7331F2}.Debug|x86.ActiveCfg = Debug|Any CPU
		{F1925029-939F-481A-9925-51B7CC7331F2}.Debug|x86.Build.0 = Debug|Any CPU
		{F1925029-939F-481A-9925-51B7CC7331F2}.Release|Any CPU.ActiveCfg = Release|Any CPU
		{F1925029-939F-481A-9925-51B7CC7331F2}.Release|Any CPU.Build.0 = Release|Any CPU
		{F1925029-939F-481A-9925-51B7CC7331F2}.Release|x64.ActiveCfg = Release|Any CPU
		{F1925029-939F-481A-9925-51B7CC7331F2}.Release|x64.Build.0 = Release|Any CPU
		{F1925029-939F-481A-9925-51B7CC7331F2}.Release|x86.ActiveCfg = Release|Any CPU
		{F1925029-939F-481A-9925-51B7CC7331F2}.Release|x86.Build.0 = Release|Any CPU
		{942766A0-9C84-4C31-9878-74F3FD4C2F3F}.Debug|Any CPU.ActiveCfg = Debug|Any CPU
		{942766A0-9C84-4C31-9878-74F3FD4C2F3F}.Debug|Any CPU.Build.0 = Debug|Any CPU
		{942766A0-9C84-4C31-9878-74F3FD4C2F3F}.Debug|x64.ActiveCfg = Debug|Any CPU
		{942766A0-9C84-4C31-9878-74F3FD4C2F3F}.Debug|x64.Build.0 = Debug|Any CPU
		{942766A0-9C84-4C31-9878-74F3FD4C2F3F}.Debug|x86.ActiveCfg = Debug|Any CPU
		{942766A0-9C84-4C31-9878-74F3FD4C2F3F}.Debug|x86.Build.0 = Debug|Any CPU
		{942766A0-9C84-4C31-9878-74F3FD4C2F3F}.Release|Any CPU.ActiveCfg = Release|Any CPU
		{942766A0-9C84-4C31-9878-74F3FD4C2F3F}.Release|Any CPU.Build.0 = Release|Any CPU
		{942766A0-9C84-4C31-9878-74F3FD4C2F3F}.Release|x64.ActiveCfg = Release|Any CPU
		{942766A0-9C84-4C31-9878-74F3FD4C2F3F}.Release|x64.Build.0 = Release|Any CPU
		{942766A0-9C84-4C31-9878-74F3FD4C2F3F}.Release|x86.ActiveCfg = Release|Any CPU
		{942766A0-9C84-4C31-9878-74F3FD4C2F3F}.Release|x86.Build.0 = Release|Any CPU
		{693FD93F-CFFB-44EC-8D66-5E168EEB1B14}.Debug|Any CPU.ActiveCfg = Debug|Any CPU
		{693FD93F-CFFB-44EC-8D66-5E168EEB1B14}.Debug|Any CPU.Build.0 = Debug|Any CPU
		{693FD93F-CFFB-44EC-8D66-5E168EEB1B14}.Debug|x64.ActiveCfg = Debug|Any CPU
		{693FD93F-CFFB-44EC-8D66-5E168EEB1B14}.Debug|x64.Build.0 = Debug|Any CPU
		{693FD93F-CFFB-44EC-8D66-5E168EEB1B14}.Debug|x86.ActiveCfg = Debug|Any CPU
		{693FD93F-CFFB-44EC-8D66-5E168EEB1B14}.Debug|x86.Build.0 = Debug|Any CPU
		{693FD93F-CFFB-44EC-8D66-5E168EEB1B14}.Release|Any CPU.ActiveCfg = Release|Any CPU
		{693FD93F-CFFB-44EC-8D66-5E168EEB1B14}.Release|Any CPU.Build.0 = Release|Any CPU
		{693FD93F-CFFB-44EC-8D66-5E168EEB1B14}.Release|x64.ActiveCfg = Release|Any CPU
		{693FD93F-CFFB-44EC-8D66-5E168EEB1B14}.Release|x64.Build.0 = Release|Any CPU
		{693FD93F-CFFB-44EC-8D66-5E168EEB1B14}.Release|x86.ActiveCfg = Release|Any CPU
		{693FD93F-CFFB-44EC-8D66-5E168EEB1B14}.Release|x86.Build.0 = Release|Any CPU
	EndGlobalSection
	GlobalSection(SolutionProperties) = preSolution
		HideSolutionNode = FALSE
	EndGlobalSection
	GlobalSection(NestedProjects) = preSolution
		{D09C2D8E-AAFD-4E60-B0BB-B1F940B18085} = {9248928B-76C5-42EA-B516-3445C624F64F}
		{2196868A-BBF8-4F67-9D85-5D4FF4BFEBDF} = {9248928B-76C5-42EA-B516-3445C624F64F}
		{E052BAAD-37EA-460B-9621-E1B109889640} = {9248928B-76C5-42EA-B516-3445C624F64F}
		{5730A29D-574B-4D8A-B69A-56F7101D192B} = {7DDA4DFE-1BC6-401B-903A-4F895A568C26}
		{1212EF42-9EBC-47A7-B718-1790FBF83800} = {7DDA4DFE-1BC6-401B-903A-4F895A568C26}
		{337249E7-0B63-4466-851C-8198E3D5A11C} = {1212EF42-9EBC-47A7-B718-1790FBF83800}
		{9D30E694-91B8-49C5-86E8-34A91DB78805} = {1212EF42-9EBC-47A7-B718-1790FBF83800}
		{ABE7A62D-FB51-4876-BE2E-7698F4955B90} = {5730A29D-574B-4D8A-B69A-56F7101D192B}
		{E110D73F-F569-449E-87E7-AC9F19045A6D} = {9D30E694-91B8-49C5-86E8-34A91DB78805}
		{1DFE61E5-B4DC-4DE0-BBAA-AEEFB18D813C} = {9D30E694-91B8-49C5-86E8-34A91DB78805}
		{6B8C57E6-F4AE-4C19-AEAD-D5ECCB71594C} = {337249E7-0B63-4466-851C-8198E3D5A11C}
		{EB032F8D-B30F-47A0-AF7D-CE17D37AD38F} = {337249E7-0B63-4466-851C-8198E3D5A11C}
		{A751CB1D-29C6-416F-99D3-4CE5B74419EA} = {3CAF27F2-BA8D-4C9C-B996-8E873E347327}
		{F1925029-939F-481A-9925-51B7CC7331F2} = {A751CB1D-29C6-416F-99D3-4CE5B74419EA}
		{942766A0-9C84-4C31-9878-74F3FD4C2F3F} = {A751CB1D-29C6-416F-99D3-4CE5B74419EA}
		{693FD93F-CFFB-44EC-8D66-5E168EEB1B14} = {A751CB1D-29C6-416F-99D3-4CE5B74419EA}
	EndGlobalSection
	GlobalSection(ExtensibilityGlobals) = postSolution
		SolutionGuid = {F6B501B6-A658-4441-B3C0-42E271EB1F44}
	EndGlobalSection
EndGlobal
